
Microsoft Visual Studio Solution File, Format Version 12.00
Project("{FAE04EC0-301F-11D3-BF4B-00C04F79EFBC}") = "RabbitMQTester", "RabbitMQTester\RabbitMQTester.csproj", "{F448ECF0-86D2-4748-B059-D98558945D93}"
EndProject
Global
	GlobalSection(SolutionConfigurationPlatforms) = preSolution
		Debug|Any CPU = Debug|Any CPU
		Release|Any CPU = Release|Any CPU
	EndGlobalSection
	GlobalSection(ProjectConfigurationPlatforms) = postSolution
		{F448ECF0-86D2-4748-B059-D98558945D93}.Debug|Any CPU.ActiveCfg = Debug|Any CPU
		{F448ECF0-86D2-4748-B059-D98558945D93}.Debug|Any CPU.Build.0 = Debug|Any CPU
		{F448ECF0-86D2-4748-B059-D98558945D93}.Release|Any CPU.ActiveCfg = Release|Any CPU
		{F448ECF0-86D2-4748-B059-D98558945D93}.Release|Any CPU.Build.0 = Release|Any CPU
	EndGlobalSection
EndGlobal
